
Microsoft Visual Studio Solution File, Format Version 12.00
# Visual Studio Version 16
VisualStudioVersion = 16.0.31624.102
MinimumVisualStudioVersion = 10.0.40219.1
Project("{FAE04EC0-301F-11D3-BF4B-00C04F79EFBC}") = "TryParse", "TryParse\TryParse.csproj", "{A850DB82-3335-4E2C-A7AA-DAE1EA805C4D}"
EndProject
Global
	GlobalSection(SolutionConfigurationPlatforms) = preSolution
		Debug|Any CPU = Debug|Any CPU
		Release|Any CPU = Release|Any CPU
	EndGlobalSection
	GlobalSection(ProjectConfigurationPlatforms) = postSolution
		{A850DB82-3335-4E2C-A7AA-DAE1EA805C4D}.Debug|Any CPU.ActiveCfg = Debug|Any CPU
		{A850DB82-3335-4E2C-A7AA-DAE1EA805C4D}.Debug|Any CPU.Build.0 = Debug|Any CPU
		{A850DB82-3335-4E2C-A7AA-DAE1EA805C4D}.Release|Any CPU.ActiveCfg = Release|Any CPU
		{A850DB82-3335-4E2C-A7AA-DAE1EA805C4D}.Release|Any CPU.Build.0 = Release|Any CPU
	EndGlobalSection
	GlobalSection(SolutionProperties) = preSolution
		HideSolutionNode = FALSE
	EndGlobalSection
	GlobalSection(ExtensibilityGlobals) = postSolution
		SolutionGuid = {8E81A501-A3C7-41F3-9289-489ED07BC0EB}
	EndGlobalSection
EndGlobal
